// !$*UTF8*$!
{
	archiveVersion = 1;
	classes = {
	};
	objectVersion = 46;
	objects = {

/* Begin PBXBuildFile section */
		3B04C29E13479B6900A37E9A /* UIKit.framework in Frameworks */ = {isa = PBXBuildFile; fileRef = 3B04C29D13479B6900A37E9A /* UIKit.framework */; };
		3B04C2A013479B6900A37E9A /* Foundation.framework in Frameworks */ = {isa = PBXBuildFile; fileRef = 3B04C29F13479B6900A37E9A /* Foundation.framework */; };
		3B04C2A213479B6900A37E9A /* CoreGraphics.framework in Frameworks */ = {isa = PBXBuildFile; fileRef = 3B04C2A113479B6900A37E9A /* CoreGraphics.framework */; };
		3B04C2A413479B6900A37E9A /* CoreData.framework in Frameworks */ = {isa = PBXBuildFile; fileRef = 3B04C2A313479B6900A37E9A /* CoreData.framework */; };
		3B04C2AA13479B6900A37E9A /* InfoPlist.strings in Resources */ = {isa = PBXBuildFile; fileRef = 3B04C2A813479B6900A37E9A /* InfoPlist.strings */; };
		3B04C2AD13479B6900A37E9A /* main.m in Sources */ = {isa = PBXBuildFile; fileRef = 3B04C2AC13479B6900A37E9A /* main.m */; };
		3B04C2B013479B6900A37E9A /* What_and_WhomAppDelegate.m in Sources */ = {isa = PBXBuildFile; fileRef = 3B04C2AF13479B6900A37E9A /* What_and_WhomAppDelegate.m */; };
		3B04C2B313479B6900A37E9A /* What_and_Whom.xcdatamodeld in Sources */ = {isa = PBXBuildFile; fileRef = 3B04C2B113479B6900A37E9A /* What_and_Whom.xcdatamodeld */; };
		3B04C2B913479B6900A37E9A /* RootViewController.m in Sources */ = {isa = PBXBuildFile; fileRef = 3B04C2B813479B6900A37E9A /* RootViewController.m */; };
		3B04C2CF13479F8D00A37E9A /* Localizable.strings in Resources */ = {isa = PBXBuildFile; fileRef = 3B04C2CD13479F8D00A37E9A /* Localizable.strings */; };
		3B06FE06134DF61D004398FD /* game.png in Resources */ = {isa = PBXBuildFile; fileRef = 3B06FE04134DF61D004398FD /* game.png */; };
		3B06FE07134DF61D004398FD /* game@2x.png in Resources */ = {isa = PBXBuildFile; fileRef = 3B06FE05134DF61D004398FD /* game@2x.png */; };
		3B06FE0B134DF8B4004398FD /* book.png in Resources */ = {isa = PBXBuildFile; fileRef = 3B06FE09134DF8B4004398FD /* book.png */; };
		3B06FE0C134DF8B4004398FD /* book@2x.png in Resources */ = {isa = PBXBuildFile; fileRef = 3B06FE0A134DF8B4004398FD /* book@2x.png */; };
		3B06FE0F134DFA53004398FD /* software.png in Resources */ = {isa = PBXBuildFile; fileRef = 3B06FE0D134DFA53004398FD /* software.png */; };
		3B06FE10134DFA53004398FD /* software@2x.png in Resources */ = {isa = PBXBuildFile; fileRef = 3B06FE0E134DFA53004398FD /* software@2x.png */; };
		3B06FE13134DFE11004398FD /* music.png in Resources */ = {isa = PBXBuildFile; fileRef = 3B06FE11134DFE11004398FD /* music.png */; };
		3B06FE14134DFE11004398FD /* music@2x.png in Resources */ = {isa = PBXBuildFile; fileRef = 3B06FE12134DFE11004398FD /* music@2x.png */; };
		3B06FE17134E007C004398FD /* tool.png in Resources */ = {isa = PBXBuildFile; fileRef = 3B06FE15134E007C004398FD /* tool.png */; };
		3B06FE18134E007C004398FD /* tool@2x.png in Resources */ = {isa = PBXBuildFile; fileRef = 3B06FE16134E007C004398FD /* tool@2x.png */; };
		3B06FE1B134E0739004398FD /* clothing.png in Resources */ = {isa = PBXBuildFile; fileRef = 3B06FE19134E0739004398FD /* clothing.png */; };
		3B06FE1C134E0739004398FD /* clothing@2x.png in Resources */ = {isa = PBXBuildFile; fileRef = 3B06FE1A134E0739004398FD /* clothing@2x.png */; };
		3B06FE1F134E08DE004398FD /* misc.png in Resources */ = {isa = PBXBuildFile; fileRef = 3B06FE1D134E08DE004398FD /* misc.png */; };
		3B06FE20134E08DE004398FD /* misc@2x.png in Resources */ = {isa = PBXBuildFile; fileRef = 3B06FE1E134E08DE004398FD /* misc@2x.png */; };
		3B0EB0831348D42C002C937F /* Data.m in Sources */ = {isa = PBXBuildFile; fileRef = 3B0EB0821348D42C002C937F /* Data.m */; };
		3B0EB08D1348E206002C937F /* Default~iphone.png in Resources */ = {isa = PBXBuildFile; fileRef = 3B0EB08A1348E206002C937F /* Default~iphone.png */; };
		3B0EB08E1348E206002C937F /* Default@2x~iphone.png in Resources */ = {isa = PBXBuildFile; fileRef = 3B0EB08B1348E206002C937F /* Default@2x~iphone.png */; };
		3B2F5D2713FBF9CC009EC3FB /* DetailWrapperViewController.m in Sources */ = {isa = PBXBuildFile; fileRef = 3B2F5D2513FBF9CC009EC3FB /* DetailWrapperViewController.m */; };
		3B3427CF134DC3E400F22C98 /* movie.png in Resources */ = {isa = PBXBuildFile; fileRef = 3B3427CD134DC3E400F22C98 /* movie.png */; };
		3B3427D0134DC3E400F22C98 /* movie@2x.png in Resources */ = {isa = PBXBuildFile; fileRef = 3B3427CE134DC3E400F22C98 /* movie@2x.png */; };
		3B3A9D991350A2B500569D04 /* iTunesArtwork in Resources */ = {isa = PBXBuildFile; fileRef = 3B3A9D981350A2B500569D04 /* iTunesArtwork */; };
		3B3A9D9E1350A2BE00569D04 /* Icon-72.png in Resources */ = {isa = PBXBuildFile; fileRef = 3B3A9D9B1350A2BE00569D04 /* Icon-72.png */; };
		3B3A9D9F1350A2BE00569D04 /* Icon.png in Resources */ = {isa = PBXBuildFile; fileRef = 3B3A9D9C1350A2BE00569D04 /* Icon.png */; };
		3B3A9DA01350A2BE00569D04 /* Icon@2x.png in Resources */ = {isa = PBXBuildFile; fileRef = 3B3A9D9D1350A2BE00569D04 /* Icon@2x.png */; };
		3B3FBA63139A2E1400146D7C /* IDPhotoViewController.m in Sources */ = {isa = PBXBuildFile; fileRef = 3B3FBA61139A2E1400146D7C /* IDPhotoViewController.m */; };
		3B4A796916032D8700B3B7F6 /* bg.png in Resources */ = {isa = PBXBuildFile; fileRef = 3B4A796716032D8600B3B7F6 /* bg.png */; };
		3B4A796A16032D8700B3B7F6 /* bg@2x.png in Resources */ = {isa = PBXBuildFile; fileRef = 3B4A796816032D8700B3B7F6 /* bg@2x.png */; };
		3B6A6B30134A00DE00AC3394 /* ItemViewController.m in Sources */ = {isa = PBXBuildFile; fileRef = 3B6A6B2E134A00DE00AC3394 /* ItemViewController.m */; };
		3B73DA0E1349983E0017A43A /* borrow.png in Resources */ = {isa = PBXBuildFile; fileRef = 3B73DA0C1349983E0017A43A /* borrow.png */; };
		3B73DA0F1349983E0017A43A /* lend.png in Resources */ = {isa = PBXBuildFile; fileRef = 3B73DA0D1349983E0017A43A /* lend.png */; };
		3B73DA12134999450017A43A /* borrow@2x.png in Resources */ = {isa = PBXBuildFile; fileRef = 3B73DA10134999450017A43A /* borrow@2x.png */; };
		3B73DA13134999450017A43A /* lend@2x.png in Resources */ = {isa = PBXBuildFile; fileRef = 3B73DA11134999450017A43A /* lend@2x.png */; };
		3B79962816035AC0009EBFA3 /* IDDateViewController_iPad.m in Sources */ = {isa = PBXBuildFile; fileRef = 3B79962716035AC0009EBFA3 /* IDDateViewController_iPad.m */; };
		3B82304213FF9BE2004993E3 /* Default-Landscape~ipad.png in Resources */ = {isa = PBXBuildFile; fileRef = 3B82304013FF9BE2004993E3 /* Default-Landscape~ipad.png */; };
		3B82304313FF9BE2004993E3 /* Default-Portrait~ipad.png in Resources */ = {isa = PBXBuildFile; fileRef = 3B82304113FF9BE2004993E3 /* Default-Portrait~ipad.png */; };
		3B82304613FFA0DA004993E3 /* money.png in Resources */ = {isa = PBXBuildFile; fileRef = 3B82304413FFA0DA004993E3 /* money.png */; };
		3B82304713FFA0DA004993E3 /* money@2x.png in Resources */ = {isa = PBXBuildFile; fileRef = 3B82304513FFA0DA004993E3 /* money@2x.png */; };
		3B88E21A15147BD200055D6A /* MainWindow.xib in Resources */ = {isa = PBXBuildFile; fileRef = 3B88E21B15147BD200055D6A /* MainWindow.xib */; };
		3B88E21C15147BF000055D6A /* DetailWrapperViewController.xib in Resources */ = {isa = PBXBuildFile; fileRef = 3B88E21D15147BF000055D6A /* DetailWrapperViewController.xib */; };
		3B88E229151491A100055D6A /* Icon-72@2x.png in Resources */ = {isa = PBXBuildFile; fileRef = 3B88E228151491A100055D6A /* Icon-72@2x.png */; };
		3B88E22C1514963F00055D6A /* Default-Landscape@2x~ipad.png in Resources */ = {isa = PBXBuildFile; fileRef = 3B88E22A1514963F00055D6A /* Default-Landscape@2x~ipad.png */; };
		3B88E22D1514963F00055D6A /* Default-Portrait@2x~ipad.png in Resources */ = {isa = PBXBuildFile; fileRef = 3B88E22B1514963F00055D6A /* Default-Portrait@2x~ipad.png */; };
		3B88E2321514B27400055D6A /* IDContactViewController.m in Sources */ = {isa = PBXBuildFile; fileRef = 3B88E2311514B27300055D6A /* IDContactViewController.m */; };
		3B88E2341514B29700055D6A /* IDContactViewController.xib in Resources */ = {isa = PBXBuildFile; fileRef = 3B88E2331514B29600055D6A /* IDContactViewController.xib */; };
		3B88E2351514B69900055D6A /* MainWindow-iPad.xib in Resources */ = {isa = PBXBuildFile; fileRef = 3B88E2361514B69900055D6A /* MainWindow-iPad.xib */; };
		3B88E2381514B6BE00055D6A /* IDContactViewController_iPad.xib in Resources */ = {isa = PBXBuildFile; fileRef = 3B88E2371514B6BE00055D6A /* IDContactViewController_iPad.xib */; };
		3B88E24115151B2000055D6A /* MBProgressHUD.m in Sources */ = {isa = PBXBuildFile; fileRef = 3B88E24015151B2000055D6A /* MBProgressHUD.m */; };
		3B94D8481348521C00D0BDEA /* AddressBook.framework in Frameworks */ = {isa = PBXBuildFile; fileRef = 3B94D8461348521C00D0BDEA /* AddressBook.framework */; };
		3B94D8491348521C00D0BDEA /* AddressBookUI.framework in Frameworks */ = {isa = PBXBuildFile; fileRef = 3B94D8471348521C00D0BDEA /* AddressBookUI.framework */; };
		3BA924A21350C56E003B8F84 /* IDNotesViewController.m in Sources */ = {isa = PBXBuildFile; fileRef = 3BA924A01350C56E003B8F84 /* IDNotesViewController.m */; };
		3BA924A31350C56E003B8F84 /* IDNotesViewController.xib in Resources */ = {isa = PBXBuildFile; fileRef = 3BA924A11350C56E003B8F84 /* IDNotesViewController.xib */; };
		3BA924A81350C8F8003B8F84 /* IDDateViewController.m in Sources */ = {isa = PBXBuildFile; fileRef = 3BA924A61350C8F8003B8F84 /* IDDateViewController.m */; };
		3BAB7BD31382AD2C00722549 /* MessageViewController.m in Sources */ = {isa = PBXBuildFile; fileRef = 3BAB7BD11382AD2C00722549 /* MessageViewController.m */; };
		3BAB7BD41382AD2C00722549 /* MessageViewController.xib in Resources */ = {isa = PBXBuildFile; fileRef = 3BAB7BD21382AD2C00722549 /* MessageViewController.xib */; };
		3BAB7BD61382B1D600722549 /* MessageUI.framework in Frameworks */ = {isa = PBXBuildFile; fileRef = 3BAB7BD51382B1D600722549 /* MessageUI.framework */; };
		3BBC3E7815146D5400C2D9BA /* RootViewController.xib in Resources */ = {isa = PBXBuildFile; fileRef = 3BBC3E7915146D5400C2D9BA /* RootViewController.xib */; };
		3BBC3E7A1514701900C2D9BA /* IDDateViewController.xib in Resources */ = {isa = PBXBuildFile; fileRef = 3BBC3E7B1514701900C2D9BA /* IDDateViewController.xib */; };
		3BBC3E7C1514713F00C2D9BA /* IDDateViewController_iPad.xib in Resources */ = {isa = PBXBuildFile; fileRef = 3BBC3E7D1514713F00C2D9BA /* IDDateViewController_iPad.xib */; };
		3BBC3E7E1514747400C2D9BA /* IDDueDateViewController.xib in Resources */ = {isa = PBXBuildFile; fileRef = 3BBC3E7F1514747400C2D9BA /* IDDueDateViewController.xib */; };
		3BBC3E80151474D700C2D9BA /* IDDueDateViewController_iPad.xib in Resources */ = {isa = PBXBuildFile; fileRef = 3BBC3E81151474D700C2D9BA /* IDDueDateViewController_iPad.xib */; };
		3BBC3E821514750100C2D9BA /* IDItemViewController.xib in Resources */ = {isa = PBXBuildFile; fileRef = 3BBC3E831514750100C2D9BA /* IDItemViewController.xib */; };
		3BBC3E841514752B00C2D9BA /* IDItemViewController_iPad.xib in Resources */ = {isa = PBXBuildFile; fileRef = 3BBC3E851514752B00C2D9BA /* IDItemViewController_iPad.xib */; };
		3BBC3E86151476B900C2D9BA /* IDNotesViewController_iPad.xib in Resources */ = {isa = PBXBuildFile; fileRef = 3BBC3E87151476B900C2D9BA /* IDNotesViewController_iPad.xib */; };
		3BBC3E881514784600C2D9BA /* IDPhotoViewController.xib in Resources */ = {isa = PBXBuildFile; fileRef = 3BBC3E891514784600C2D9BA /* IDPhotoViewController.xib */; };
		3BBC3E8A1514786200C2D9BA /* IDPhotoViewController_iPad.xib in Resources */ = {isa = PBXBuildFile; fileRef = 3BBC3E8B1514786200C2D9BA /* IDPhotoViewController_iPad.xib */; };
		3BBC3E8C15147AA700C2D9BA /* ItemViewController.xib in Resources */ = {isa = PBXBuildFile; fileRef = 3BBC3E8D15147AA700C2D9BA /* ItemViewController.xib */; };
		3BCB16C7145476EF00222DF3 /* Utils.m in Sources */ = {isa = PBXBuildFile; fileRef = 3BCB16C6145476EF00222DF3 /* Utils.m */; };
		3BDA7FDA134D824B00E2C923 /* IDBorrowViewController.m in Sources */ = {isa = PBXBuildFile; fileRef = 3BDA7FD8134D824B00E2C923 /* IDBorrowViewController.m */; };
		3BDA7FDB134D824B00E2C923 /* IDBorrowViewController.xib in Resources */ = {isa = PBXBuildFile; fileRef = 3BDA7FD9134D824B00E2C923 /* IDBorrowViewController.xib */; };
		3BDC2BD5139A1ED100AF05AC /* IDDueDateViewController.m in Sources */ = {isa = PBXBuildFile; fileRef = 3BDC2BD3139A1ED100AF05AC /* IDDueDateViewController.m */; };
		3BE7CE28134E16E800D2E250 /* IDItemViewController.m in Sources */ = {isa = PBXBuildFile; fileRef = 3BE7CE26134E16E800D2E250 /* IDItemViewController.m */; };
		3BEC2D4C16023FDE00B27226 /* Default-568h@2x~iphone.png in Resources */ = {isa = PBXBuildFile; fileRef = 3BEC2D4B16023FDE00B27226 /* Default-568h@2x~iphone.png */; };
		3BEDDC49134DB554003E72E1 /* IDKindViewController.m in Sources */ = {isa = PBXBuildFile; fileRef = 3BEDDC47134DB554003E72E1 /* IDKindViewController.m */; };
		3BEDDC4A134DB554003E72E1 /* IDKindViewController.xib in Resources */ = {isa = PBXBuildFile; fileRef = 3BEDDC48134DB554003E72E1 /* IDKindViewController.xib */; };
		3BEDDC50134DBC1D003E72E1 /* animal.png in Resources */ = {isa = PBXBuildFile; fileRef = 3BEDDC4E134DBC1D003E72E1 /* animal.png */; };
		3BEDDC51134DBC1D003E72E1 /* animal@2x.png in Resources */ = {isa = PBXBuildFile; fileRef = 3BEDDC4F134DBC1D003E72E1 /* animal@2x.png */; };
/* End PBXBuildFile section */

/* Begin PBXFileReference section */
		3B04C29913479B6900A37E9A /* What and Whom.app */ = {isa = PBXFileReference; explicitFileType = wrapper.application; includeInIndex = 0; path = "What and Whom.app"; sourceTree = BUILT_PRODUCTS_DIR; };
		3B04C29D13479B6900A37E9A /* UIKit.framework */ = {isa = PBXFileReference; lastKnownFileType = wrapper.framework; name = UIKit.framework; path = System/Library/Frameworks/UIKit.framework; sourceTree = SDKROOT; };
		3B04C29F13479B6900A37E9A /* Foundation.framework */ = {isa = PBXFileReference; lastKnownFileType = wrapper.framework; name = Foundation.framework; path = System/Library/Frameworks/Foundation.framework; sourceTree = SDKROOT; };
		3B04C2A113479B6900A37E9A /* CoreGraphics.framework */ = {isa = PBXFileReference; lastKnownFileType = wrapper.framework; name = CoreGraphics.framework; path = System/Library/Frameworks/CoreGraphics.framework; sourceTree = SDKROOT; };
		3B04C2A313479B6900A37E9A /* CoreData.framework */ = {isa = PBXFileReference; lastKnownFileType = wrapper.framework; name = CoreData.framework; path = System/Library/Frameworks/CoreData.framework; sourceTree = SDKROOT; };
		3B04C2A713479B6900A37E9A /* What and Whom-Info.plist */ = {isa = PBXFileReference; lastKnownFileType = text.plist.xml; name = "What and Whom-Info.plist"; path = "What and Whom/What and Whom-Info.plist"; sourceTree = "<group>"; };
		3B04C2A913479B6900A37E9A /* en */ = {isa = PBXFileReference; lastKnownFileType = text.plist.strings; name = en; path = en.lproj/InfoPlist.strings; sourceTree = "<group>"; };
		3B04C2AB13479B6900A37E9A /* What and Whom-Prefix.pch */ = {isa = PBXFileReference; lastKnownFileType = sourcecode.c.h; path = "What and Whom-Prefix.pch"; sourceTree = "<group>"; };
		3B04C2AC13479B6900A37E9A /* main.m */ = {isa = PBXFileReference; lastKnownFileType = sourcecode.c.objc; path = main.m; sourceTree = "<group>"; };
		3B04C2AE13479B6900A37E9A /* What_and_WhomAppDelegate.h */ = {isa = PBXFileReference; lastKnownFileType = sourcecode.c.h; path = What_and_WhomAppDelegate.h; sourceTree = "<group>"; };
		3B04C2AF13479B6900A37E9A /* What_and_WhomAppDelegate.m */ = {isa = PBXFileReference; lastKnownFileType = sourcecode.c.objc; path = What_and_WhomAppDelegate.m; sourceTree = "<group>"; };
		3B04C2B213479B6900A37E9A /* What_and_Whom.xcdatamodel */ = {isa = PBXFileReference; lastKnownFileType = wrapper.xcdatamodel; path = What_and_Whom.xcdatamodel; sourceTree = "<group>"; };
		3B04C2B713479B6900A37E9A /* RootViewController.h */ = {isa = PBXFileReference; lastKnownFileType = sourcecode.c.h; path = RootViewController.h; sourceTree = "<group>"; };
		3B04C2B813479B6900A37E9A /* RootViewController.m */ = {isa = PBXFileReference; lastKnownFileType = sourcecode.c.objc; path = RootViewController.m; sourceTree = "<group>"; };
		3B04C2C913479C3A00A37E9A /* fr */ = {isa = PBXFileReference; lastKnownFileType = text.plist.strings; name = fr; path = "/Users/aboudou/Documents/XCode/iOS/What and Whom/What and Whom/fr.lproj/InfoPlist.strings"; sourceTree = "<absolute>"; };
		3B04C2CE13479F8D00A37E9A /* en */ = {isa = PBXFileReference; fileEncoding = 10; lastKnownFileType = text.plist.strings; name = en; path = "What and Whom/en.lproj/Localizable.strings"; sourceTree = "<group>"; };
		3B04C2D013479FA700A37E9A /* fr */ = {isa = PBXFileReference; fileEncoding = 10; lastKnownFileType = text.plist.strings; name = fr; path = "What and Whom/fr.lproj/Localizable.strings"; sourceTree = "<group>"; };
		3B06FE04134DF61D004398FD /* game.png */ = {isa = PBXFileReference; lastKnownFileType = image.png; name = game.png; path = "What and Whom/game.png"; sourceTree = "<group>"; };
		3B06FE05134DF61D004398FD /* game@2x.png */ = {isa = PBXFileReference; lastKnownFileType = image.png; name = "game@2x.png"; path = "What and Whom/game@2x.png"; sourceTree = "<group>"; };
		3B06FE09134DF8B4004398FD /* book.png */ = {isa = PBXFileReference; lastKnownFileType = image.png; name = book.png; path = "What and Whom/book.png"; sourceTree = "<group>"; };
		3B06FE0A134DF8B4004398FD /* book@2x.png */ = {isa = PBXFileReference; lastKnownFileType = image.png; name = "book@2x.png"; path = "What and Whom/book@2x.png"; sourceTree = "<group>"; };
		3B06FE0D134DFA53004398FD /* software.png */ = {isa = PBXFileReference; lastKnownFileType = image.png; name = software.png; path = "What and Whom/software.png"; sourceTree = "<group>"; };
		3B06FE0E134DFA53004398FD /* software@2x.png */ = {isa = PBXFileReference; lastKnownFileType = image.png; name = "software@2x.png"; path = "What and Whom/software@2x.png"; sourceTree = "<group>"; };
		3B06FE11134DFE11004398FD /* music.png */ = {isa = PBXFileReference; lastKnownFileType = image.png; name = music.png; path = "What and Whom/music.png"; sourceTree = "<group>"; };
		3B06FE12134DFE11004398FD /* music@2x.png */ = {isa = PBXFileReference; lastKnownFileType = image.png; name = "music@2x.png"; path = "What and Whom/music@2x.png"; sourceTree = "<group>"; };
		3B06FE15134E007C004398FD /* tool.png */ = {isa = PBXFileReference; lastKnownFileType = image.png; name = tool.png; path = "What and Whom/tool.png"; sourceTree = "<group>"; };
		3B06FE16134E007C004398FD /* tool@2x.png */ = {isa = PBXFileReference; lastKnownFileType = image.png; name = "tool@2x.png"; path = "What and Whom/tool@2x.png"; sourceTree = "<group>"; };
		3B06FE19134E0739004398FD /* clothing.png */ = {isa = PBXFileReference; lastKnownFileType = image.png; name = clothing.png; path = "What and Whom/clothing.png"; sourceTree = "<group>"; };
		3B06FE1A134E0739004398FD /* clothing@2x.png */ = {isa = PBXFileReference; lastKnownFileType = image.png; name = "clothing@2x.png"; path = "What and Whom/clothing@2x.png"; sourceTree = "<group>"; };
		3B06FE1D134E08DE004398FD /* misc.png */ = {isa = PBXFileReference; lastKnownFileType = image.png; name = misc.png; path = "What and Whom/misc.png"; sourceTree = "<group>"; };
		3B06FE1E134E08DE004398FD /* misc@2x.png */ = {isa = PBXFileReference; lastKnownFileType = image.png; name = "misc@2x.png"; path = "What and Whom/misc@2x.png"; sourceTree = "<group>"; };
		3B0EB0811348D42C002C937F /* Data.h */ = {isa = PBXFileReference; fileEncoding = 4; lastKnownFileType = sourcecode.c.h; path = Data.h; sourceTree = "<group>"; };
		3B0EB0821348D42C002C937F /* Data.m */ = {isa = PBXFileReference; fileEncoding = 4; lastKnownFileType = sourcecode.c.objc; path = Data.m; sourceTree = "<group>"; };
		3B0EB08A1348E206002C937F /* Default~iphone.png */ = {isa = PBXFileReference; lastKnownFileType = image.png; name = "Default~iphone.png"; path = "What and Whom/Default~iphone.png"; sourceTree = "<group>"; };
		3B0EB08B1348E206002C937F /* Default@2x~iphone.png */ = {isa = PBXFileReference; lastKnownFileType = image.png; name = "Default@2x~iphone.png"; path = "What and Whom/Default@2x~iphone.png"; sourceTree = "<group>"; };
		3B2F5D2413FBF9CC009EC3FB /* DetailWrapperViewController.h */ = {isa = PBXFileReference; fileEncoding = 4; lastKnownFileType = sourcecode.c.h; path = DetailWrapperViewController.h; sourceTree = "<group>"; };
		3B2F5D2513FBF9CC009EC3FB /* DetailWrapperViewController.m */ = {isa = PBXFileReference; fileEncoding = 4; lastKnownFileType = sourcecode.c.objc; path = DetailWrapperViewController.m; sourceTree = "<group>"; };
		3B2FDB781389001B0036B5F9 /* What_and_Whom 2.xcdatamodel */ = {isa = PBXFileReference; lastKnownFileType = wrapper.xcdatamodel; path = "What_and_Whom 2.xcdatamodel"; sourceTree = "<group>"; };
		3B3427CD134DC3E400F22C98 /* movie.png */ = {isa = PBXFileReference; lastKnownFileType = image.png; name = movie.png; path = "What and Whom/movie.png"; sourceTree = "<group>"; };
		3B3427CE134DC3E400F22C98 /* movie@2x.png */ = {isa = PBXFileReference; lastKnownFileType = image.png; name = "movie@2x.png"; path = "What and Whom/movie@2x.png"; sourceTree = "<group>"; };
		3B3A9D981350A2B500569D04 /* iTunesArtwork */ = {isa = PBXFileReference; lastKnownFileType = file; name = iTunesArtwork; path = "What and Whom/iTunesArtwork"; sourceTree = "<group>"; };
		3B3A9D9B1350A2BE00569D04 /* Icon-72.png */ = {isa = PBXFileReference; lastKnownFileType = image.png; name = "Icon-72.png"; path = "What and Whom/Icon-72.png"; sourceTree = "<group>"; };
		3B3A9D9C1350A2BE00569D04 /* Icon.png */ = {isa = PBXFileReference; lastKnownFileType = image.png; name = Icon.png; path = "What and Whom/Icon.png"; sourceTree = "<group>"; };
		3B3A9D9D1350A2BE00569D04 /* Icon@2x.png */ = {isa = PBXFileReference; lastKnownFileType = image.png; name = "Icon@2x.png"; path = "What and Whom/Icon@2x.png"; sourceTree = "<group>"; };
		3B3FBA60139A2E1400146D7C /* IDPhotoViewController.h */ = {isa = PBXFileReference; fileEncoding = 4; lastKnownFileType = sourcecode.c.h; path = IDPhotoViewController.h; sourceTree = "<group>"; };
		3B3FBA61139A2E1400146D7C /* IDPhotoViewController.m */ = {isa = PBXFileReference; fileEncoding = 4; lastKnownFileType = sourcecode.c.objc; path = IDPhotoViewController.m; sourceTree = "<group>"; };
		3B4449CA145FFC9100E896F3 /* What and Whom.entitlements */ = {isa = PBXFileReference; lastKnownFileType = text.xml; path = "What and Whom.entitlements"; sourceTree = "<group>"; };
		3B4A796716032D8600B3B7F6 /* bg.png */ = {isa = PBXFileReference; lastKnownFileType = image.png; name = bg.png; path = "What and Whom/bg.png"; sourceTree = "<group>"; };
		3B4A796816032D8700B3B7F6 /* bg@2x.png */ = {isa = PBXFileReference; lastKnownFileType = image.png; name = "bg@2x.png"; path = "What and Whom/bg@2x.png"; sourceTree = "<group>"; };
		3B6A6B2D134A00DE00AC3394 /* ItemViewController.h */ = {isa = PBXFileReference; fileEncoding = 4; lastKnownFileType = sourcecode.c.h; path = ItemViewController.h; sourceTree = "<group>"; };
		3B6A6B2E134A00DE00AC3394 /* ItemViewController.m */ = {isa = PBXFileReference; fileEncoding = 4; lastKnownFileType = sourcecode.c.objc; path = ItemViewController.m; sourceTree = "<group>"; };
		3B6DCBEA13FE66DA00698C97 /* What_and_Whom 3.xcdatamodel */ = {isa = PBXFileReference; lastKnownFileType = wrapper.xcdatamodel; path = "What_and_Whom 3.xcdatamodel"; sourceTree = "<group>"; };
		3B73DA0C1349983E0017A43A /* borrow.png */ = {isa = PBXFileReference; lastKnownFileType = image.png; name = borrow.png; path = "What and Whom/borrow.png"; sourceTree = "<group>"; };
		3B73DA0D1349983E0017A43A /* lend.png */ = {isa = PBXFileReference; lastKnownFileType = image.png; name = lend.png; path = "What and Whom/lend.png"; sourceTree = "<group>"; };
		3B73DA10134999450017A43A /* borrow@2x.png */ = {isa = PBXFileReference; lastKnownFileType = image.png; name = "borrow@2x.png"; path = "What and Whom/borrow@2x.png"; sourceTree = "<group>"; };
		3B73DA11134999450017A43A /* lend@2x.png */ = {isa = PBXFileReference; lastKnownFileType = image.png; name = "lend@2x.png"; path = "What and Whom/lend@2x.png"; sourceTree = "<group>"; };
		3B79962616035AC0009EBFA3 /* IDDateViewController_iPad.h */ = {isa = PBXFileReference; fileEncoding = 4; lastKnownFileType = sourcecode.c.h; path = IDDateViewController_iPad.h; sourceTree = "<group>"; };
		3B79962716035AC0009EBFA3 /* IDDateViewController_iPad.m */ = {isa = PBXFileReference; fileEncoding = 4; lastKnownFileType = sourcecode.c.objc; path = IDDateViewController_iPad.m; sourceTree = "<group>"; };
		3B82304013FF9BE2004993E3 /* Default-Landscape~ipad.png */ = {isa = PBXFileReference; lastKnownFileType = image.png; name = "Default-Landscape~ipad.png"; path = "What and Whom/Default-Landscape~ipad.png"; sourceTree = "<group>"; };
		3B82304113FF9BE2004993E3 /* Default-Portrait~ipad.png */ = {isa = PBXFileReference; lastKnownFileType = image.png; name = "Default-Portrait~ipad.png"; path = "What and Whom/Default-Portrait~ipad.png"; sourceTree = "<group>"; };
		3B82304413FFA0DA004993E3 /* money.png */ = {isa = PBXFileReference; lastKnownFileType = image.png; name = money.png; path = "What and Whom/money.png"; sourceTree = "<group>"; };
		3B82304513FFA0DA004993E3 /* money@2x.png */ = {isa = PBXFileReference; lastKnownFileType = image.png; name = "money@2x.png"; path = "What and Whom/money@2x.png"; sourceTree = "<group>"; };
		3B88E21B15147BD200055D6A /* MainWindow.xib */ = {isa = PBXFileReference; lastKnownFileType = file.xib; path = MainWindow.xib; sourceTree = "<group>"; };
		3B88E21D15147BF000055D6A /* DetailWrapperViewController.xib */ = {isa = PBXFileReference; lastKnownFileType = file.xib; path = DetailWrapperViewController.xib; sourceTree = "<group>"; };
		3B88E228151491A100055D6A /* Icon-72@2x.png */ = {isa = PBXFileReference; lastKnownFileType = image.png; name = "Icon-72@2x.png"; path = "What and Whom/Icon-72@2x.png"; sourceTree = "<group>"; };
		3B88E22A1514963F00055D6A /* Default-Landscape@2x~ipad.png */ = {isa = PBXFileReference; lastKnownFileType = image.png; name = "Default-Landscape@2x~ipad.png"; path = "What and Whom/Default-Landscape@2x~ipad.png"; sourceTree = "<group>"; };
		3B88E22B1514963F00055D6A /* Default-Portrait@2x~ipad.png */ = {isa = PBXFileReference; lastKnownFileType = image.png; name = "Default-Portrait@2x~ipad.png"; path = "What and Whom/Default-Portrait@2x~ipad.png"; sourceTree = "<group>"; };
		3B88E2301514B27300055D6A /* IDContactViewController.h */ = {isa = PBXFileReference; fileEncoding = 4; lastKnownFileType = sourcecode.c.h; path = IDContactViewController.h; sourceTree = "<group>"; };
		3B88E2311514B27300055D6A /* IDContactViewController.m */ = {isa = PBXFileReference; fileEncoding = 4; lastKnownFileType = sourcecode.c.objc; path = IDContactViewController.m; sourceTree = "<group>"; };
		3B88E2331514B29600055D6A /* IDContactViewController.xib */ = {isa = PBXFileReference; fileEncoding = 4; lastKnownFileType = file.xib; path = IDContactViewController.xib; sourceTree = "<group>"; };
		3B88E2361514B69900055D6A /* MainWindow-iPad.xib */ = {isa = PBXFileReference; lastKnownFileType = file.xib; path = "MainWindow-iPad.xib"; sourceTree = "<group>"; };
		3B88E2371514B6BE00055D6A /* IDContactViewController_iPad.xib */ = {isa = PBXFileReference; fileEncoding = 4; lastKnownFileType = file.xib; path = IDContactViewController_iPad.xib; sourceTree = "<group>"; };
		3B88E23F15151B2000055D6A /* MBProgressHUD.h */ = {isa = PBXFileReference; fileEncoding = 4; lastKnownFileType = sourcecode.c.h; path = MBProgressHUD.h; sourceTree = "<group>"; };
		3B88E24015151B2000055D6A /* MBProgressHUD.m */ = {isa = PBXFileReference; fileEncoding = 4; lastKnownFileType = sourcecode.c.objc; path = MBProgressHUD.m; sourceTree = "<group>"; };
		3B94D8461348521C00D0BDEA /* AddressBook.framework */ = {isa = PBXFileReference; lastKnownFileType = wrapper.framework; name = AddressBook.framework; path = System/Library/Frameworks/AddressBook.framework; sourceTree = SDKROOT; };
		3B94D8471348521C00D0BDEA /* AddressBookUI.framework */ = {isa = PBXFileReference; lastKnownFileType = wrapper.framework; name = AddressBookUI.framework; path = System/Library/Frameworks/AddressBookUI.framework; sourceTree = SDKROOT; };
		3BA9249F1350C56E003B8F84 /* IDNotesViewController.h */ = {isa = PBXFileReference; fileEncoding = 4; lastKnownFileType = sourcecode.c.h; path = IDNotesViewController.h; sourceTree = "<group>"; };
		3BA924A01350C56E003B8F84 /* IDNotesViewController.m */ = {isa = PBXFileReference; fileEncoding = 4; lastKnownFileType = sourcecode.c.objc; path = IDNotesViewController.m; sourceTree = "<group>"; };
		3BA924A11350C56E003B8F84 /* IDNotesViewController.xib */ = {isa = PBXFileReference; fileEncoding = 4; lastKnownFileType = file.xib; path = IDNotesViewController.xib; sourceTree = "<group>"; };
		3BA924A51350C8F8003B8F84 /* IDDateViewController.h */ = {isa = PBXFileReference; fileEncoding = 4; lastKnownFileType = sourcecode.c.h; path = IDDateViewController.h; sourceTree = "<group>"; };
		3BA924A61350C8F8003B8F84 /* IDDateViewController.m */ = {isa = PBXFileReference; fileEncoding = 4; lastKnownFileType = sourcecode.c.objc; path = IDDateViewController.m; sourceTree = "<group>"; };
		3BAB7BD01382AD2C00722549 /* MessageViewController.h */ = {isa = PBXFileReference; fileEncoding = 4; lastKnownFileType = sourcecode.c.h; path = MessageViewController.h; sourceTree = "<group>"; };
		3BAB7BD11382AD2C00722549 /* MessageViewController.m */ = {isa = PBXFileReference; fileEncoding = 4; lastKnownFileType = sourcecode.c.objc; path = MessageViewController.m; sourceTree = "<group>"; };
		3BAB7BD21382AD2C00722549 /* MessageViewController.xib */ = {isa = PBXFileReference; fileEncoding = 4; lastKnownFileType = file.xib; path = MessageViewController.xib; sourceTree = "<group>"; };
		3BAB7BD51382B1D600722549 /* MessageUI.framework */ = {isa = PBXFileReference; lastKnownFileType = wrapper.framework; name = MessageUI.framework; path = System/Library/Frameworks/MessageUI.framework; sourceTree = SDKROOT; };
		3BBC3E7915146D5400C2D9BA /* RootViewController.xib */ = {isa = PBXFileReference; lastKnownFileType = file.xib; path = RootViewController.xib; sourceTree = "<group>"; };
		3BBC3E7B1514701900C2D9BA /* IDDateViewController.xib */ = {isa = PBXFileReference; lastKnownFileType = file.xib; path = IDDateViewController.xib; sourceTree = "<group>"; };
		3BBC3E7D1514713F00C2D9BA /* IDDateViewController_iPad.xib */ = {isa = PBXFileReference; lastKnownFileType = file.xib; path = IDDateViewController_iPad.xib; sourceTree = "<group>"; };
		3BBC3E7F1514747400C2D9BA /* IDDueDateViewController.xib */ = {isa = PBXFileReference; lastKnownFileType = file.xib; path = IDDueDateViewController.xib; sourceTree = "<group>"; };
		3BBC3E81151474D700C2D9BA /* IDDueDateViewController_iPad.xib */ = {isa = PBXFileReference; lastKnownFileType = file.xib; path = IDDueDateViewController_iPad.xib; sourceTree = "<group>"; };
		3BBC3E831514750100C2D9BA /* IDItemViewController.xib */ = {isa = PBXFileReference; lastKnownFileType = file.xib; path = IDItemViewController.xib; sourceTree = "<group>"; };
		3BBC3E851514752B00C2D9BA /* IDItemViewController_iPad.xib */ = {isa = PBXFileReference; lastKnownFileType = file.xib; path = IDItemViewController_iPad.xib; sourceTree = "<group>"; };
		3BBC3E87151476B900C2D9BA /* IDNotesViewController_iPad.xib */ = {isa = PBXFileReference; lastKnownFileType = file.xib; path = IDNotesViewController_iPad.xib; sourceTree = "<group>"; };
		3BBC3E891514784600C2D9BA /* IDPhotoViewController.xib */ = {isa = PBXFileReference; lastKnownFileType = file.xib; path = IDPhotoViewController.xib; sourceTree = "<group>"; };
		3BBC3E8B1514786200C2D9BA /* IDPhotoViewController_iPad.xib */ = {isa = PBXFileReference; lastKnownFileType = file.xib; path = IDPhotoViewController_iPad.xib; sourceTree = "<group>"; };
		3BBC3E8D15147AA700C2D9BA /* ItemViewController.xib */ = {isa = PBXFileReference; lastKnownFileType = file.xib; path = ItemViewController.xib; sourceTree = "<group>"; };
		3BCB16C5145476EF00222DF3 /* Utils.h */ = {isa = PBXFileReference; fileEncoding = 4; lastKnownFileType = sourcecode.c.h; path = Utils.h; sourceTree = "<group>"; };
		3BCB16C6145476EF00222DF3 /* Utils.m */ = {isa = PBXFileReference; fileEncoding = 4; lastKnownFileType = sourcecode.c.objc; path = Utils.m; sourceTree = "<group>"; };
		3BD8373714545FAE00E025D6 /* Macros.h */ = {isa = PBXFileReference; fileEncoding = 4; lastKnownFileType = sourcecode.c.h; path = Macros.h; sourceTree = "<group>"; };
		3BDA7FD7134D824B00E2C923 /* IDBorrowViewController.h */ = {isa = PBXFileReference; fileEncoding = 4; lastKnownFileType = sourcecode.c.h; path = IDBorrowViewController.h; sourceTree = "<group>"; };
		3BDA7FD8134D824B00E2C923 /* IDBorrowViewController.m */ = {isa = PBXFileReference; fileEncoding = 4; lastKnownFileType = sourcecode.c.objc; path = IDBorrowViewController.m; sourceTree = "<group>"; };
		3BDA7FD9134D824B00E2C923 /* IDBorrowViewController.xib */ = {isa = PBXFileReference; fileEncoding = 4; lastKnownFileType = file.xib; path = IDBorrowViewController.xib; sourceTree = "<group>"; };
		3BDC2BD2139A1ED100AF05AC /* IDDueDateViewController.h */ = {isa = PBXFileReference; fileEncoding = 4; lastKnownFileType = sourcecode.c.h; path = IDDueDateViewController.h; sourceTree = "<group>"; };
		3BDC2BD3139A1ED100AF05AC /* IDDueDateViewController.m */ = {isa = PBXFileReference; fileEncoding = 4; lastKnownFileType = sourcecode.c.objc; path = IDDueDateViewController.m; sourceTree = "<group>"; };
		3BE7CE25134E16E800D2E250 /* IDItemViewController.h */ = {isa = PBXFileReference; fileEncoding = 4; lastKnownFileType = sourcecode.c.h; path = IDItemViewController.h; sourceTree = "<group>"; };
		3BE7CE26134E16E800D2E250 /* IDItemViewController.m */ = {isa = PBXFileReference; fileEncoding = 4; lastKnownFileType = sourcecode.c.objc; path = IDItemViewController.m; sourceTree = "<group>"; };
		3BEBC333145FD4DE00C67F94 /* What_and_Whom 4.xcdatamodel */ = {isa = PBXFileReference; lastKnownFileType = wrapper.xcdatamodel; path = "What_and_Whom 4.xcdatamodel"; sourceTree = "<group>"; };
		3BEC2D4B16023FDE00B27226 /* Default-568h@2x~iphone.png */ = {isa = PBXFileReference; lastKnownFileType = image.png; name = "Default-568h@2x~iphone.png"; path = "What and Whom/Default-568h@2x~iphone.png"; sourceTree = "<group>"; };
		3BEDDC46134DB554003E72E1 /* IDKindViewController.h */ = {isa = PBXFileReference; fileEncoding = 4; lastKnownFileType = sourcecode.c.h; path = IDKindViewController.h; sourceTree = "<group>"; };
		3BEDDC47134DB554003E72E1 /* IDKindViewController.m */ = {isa = PBXFileReference; fileEncoding = 4; lastKnownFileType = sourcecode.c.objc; path = IDKindViewController.m; sourceTree = "<group>"; };
		3BEDDC48134DB554003E72E1 /* IDKindViewController.xib */ = {isa = PBXFileReference; fileEncoding = 4; lastKnownFileType = file.xib; path = IDKindViewController.xib; sourceTree = "<group>"; };
		3BEDDC4E134DBC1D003E72E1 /* animal.png */ = {isa = PBXFileReference; lastKnownFileType = image.png; name = animal.png; path = "What and Whom/animal.png"; sourceTree = "<group>"; };
		3BEDDC4F134DBC1D003E72E1 /* animal@2x.png */ = {isa = PBXFileReference; lastKnownFileType = image.png; name = "animal@2x.png"; path = "What and Whom/animal@2x.png"; sourceTree = "<group>"; };
/* End PBXFileReference section */

/* Begin PBXFrameworksBuildPhase section */
		3B04C29613479B6900A37E9A /* Frameworks */ = {
			isa = PBXFrameworksBuildPhase;
			buildActionMask = 2147483647;
			files = (
				3BAB7BD61382B1D600722549 /* MessageUI.framework in Frameworks */,
				3B94D8481348521C00D0BDEA /* AddressBook.framework in Frameworks */,
				3B94D8491348521C00D0BDEA /* AddressBookUI.framework in Frameworks */,
				3B04C29E13479B6900A37E9A /* UIKit.framework in Frameworks */,
				3B04C2A013479B6900A37E9A /* Foundation.framework in Frameworks */,
				3B04C2A213479B6900A37E9A /* CoreGraphics.framework in Frameworks */,
				3B04C2A413479B6900A37E9A /* CoreData.framework in Frameworks */,
			);
			runOnlyForDeploymentPostprocessing = 0;
		};
/* End PBXFrameworksBuildPhase section */

/* Begin PBXGroup section */
		3B04C28E13479B6800A37E9A = {
			isa = PBXGroup;
			children = (
				3B04C2A513479B6900A37E9A /* What and Whom */,
				3B04C29C13479B6900A37E9A /* Frameworks */,
				3B04C29A13479B6900A37E9A /* Products */,
			);
			sourceTree = "<group>";
		};
		3B04C29A13479B6900A37E9A /* Products */ = {
			isa = PBXGroup;
			children = (
				3B04C29913479B6900A37E9A /* What and Whom.app */,
			);
			name = Products;
			sourceTree = "<group>";
		};
		3B04C29C13479B6900A37E9A /* Frameworks */ = {
			isa = PBXGroup;
			children = (
				3B94D8461348521C00D0BDEA /* AddressBook.framework */,
				3B94D8471348521C00D0BDEA /* AddressBookUI.framework */,
				3B04C2A313479B6900A37E9A /* CoreData.framework */,
				3B04C2A113479B6900A37E9A /* CoreGraphics.framework */,
				3B04C29F13479B6900A37E9A /* Foundation.framework */,
				3BAB7BD51382B1D600722549 /* MessageUI.framework */,
				3B04C29D13479B6900A37E9A /* UIKit.framework */,
			);
			name = Frameworks;
			sourceTree = "<group>";
		};
		3B04C2A513479B6900A37E9A /* What and Whom */ = {
			isa = PBXGroup;
			children = (
				3B4449CA145FFC9100E896F3 /* What and Whom.entitlements */,
				3B04C2CC13479E3100A37E9A /* Classes */,
				3B04C2A613479B6900A37E9A /* Other Sources */,
				3B04C2CB13479DBA00A37E9A /* Resources */,
				3B88E23D15151B1F00055D6A /* External */,
			);
			path = "What and Whom";
			sourceTree = "<group>";
		};
		3B04C2A613479B6900A37E9A /* Other Sources */ = {
			isa = PBXGroup;
			children = (
				3B04C2AB13479B6900A37E9A /* What and Whom-Prefix.pch */,
				3B04C2AC13479B6900A37E9A /* main.m */,
			);
			name = "Other Sources";
			sourceTree = "<group>";
		};
		3B04C2CB13479DBA00A37E9A /* Resources */ = {
			isa = PBXGroup;
			children = (
				3B73DA08134993C80017A43A /* Images */,
				3B3A9D981350A2B500569D04 /* iTunesArtwork */,
				3B0EB08A1348E206002C937F /* Default~iphone.png */,
				3B0EB08B1348E206002C937F /* Default@2x~iphone.png */,
				3BEC2D4B16023FDE00B27226 /* Default-568h@2x~iphone.png */,
				3B82304013FF9BE2004993E3 /* Default-Landscape~ipad.png */,
				3B88E22A1514963F00055D6A /* Default-Landscape@2x~ipad.png */,
				3B82304113FF9BE2004993E3 /* Default-Portrait~ipad.png */,
				3B88E22B1514963F00055D6A /* Default-Portrait@2x~ipad.png */,
				3B3A9D9B1350A2BE00569D04 /* Icon-72.png */,
				3B88E228151491A100055D6A /* Icon-72@2x.png */,
				3B3A9D9C1350A2BE00569D04 /* Icon.png */,
				3B3A9D9D1350A2BE00569D04 /* Icon@2x.png */,
				3B04C2A813479B6900A37E9A /* InfoPlist.strings */,
				3B04C2CD13479F8D00A37E9A /* Localizable.strings */,
				3B04C2A713479B6900A37E9A /* What and Whom-Info.plist */,
			);
			name = Resources;
			path = ..;
			sourceTree = "<group>";
		};
		3B04C2CC13479E3100A37E9A /* Classes */ = {
			isa = PBXGroup;
			children = (
				3B58C778150E672000D38CBB /* Utils */,
				3B58C777150E670E00D38CBB /* Data Model */,
				3B58C776150E66FE00D38CBB /* Controllers */,
				3B04C2AE13479B6900A37E9A /* What_and_WhomAppDelegate.h */,
				3B04C2AF13479B6900A37E9A /* What_and_WhomAppDelegate.m */,
			);
			name = Classes;
			sourceTree = "<group>";
		};
		3B58C776150E66FE00D38CBB /* Controllers */ = {
			isa = PBXGroup;
			children = (
				3BDA7FD7134D824B00E2C923 /* IDBorrowViewController.h */,
				3BDA7FD8134D824B00E2C923 /* IDBorrowViewController.m */,
				3BDA7FD9134D824B00E2C923 /* IDBorrowViewController.xib */,
				3B88E2301514B27300055D6A /* IDContactViewController.h */,
				3B88E2311514B27300055D6A /* IDContactViewController.m */,
				3B88E2331514B29600055D6A /* IDContactViewController.xib */,
				3BA924A51350C8F8003B8F84 /* IDDateViewController.h */,
				3BA924A61350C8F8003B8F84 /* IDDateViewController.m */,
				3BBC3E7B1514701900C2D9BA /* IDDateViewController.xib */,
				3BDC2BD2139A1ED100AF05AC /* IDDueDateViewController.h */,
				3BDC2BD3139A1ED100AF05AC /* IDDueDateViewController.m */,
				3BBC3E7F1514747400C2D9BA /* IDDueDateViewController.xib */,
				3BE7CE25134E16E800D2E250 /* IDItemViewController.h */,
				3BE7CE26134E16E800D2E250 /* IDItemViewController.m */,
				3BBC3E831514750100C2D9BA /* IDItemViewController.xib */,
				3BEDDC46134DB554003E72E1 /* IDKindViewController.h */,
				3BEDDC47134DB554003E72E1 /* IDKindViewController.m */,
				3BEDDC48134DB554003E72E1 /* IDKindViewController.xib */,
				3BA9249F1350C56E003B8F84 /* IDNotesViewController.h */,
				3BA924A01350C56E003B8F84 /* IDNotesViewController.m */,
				3BA924A11350C56E003B8F84 /* IDNotesViewController.xib */,
				3B3FBA60139A2E1400146D7C /* IDPhotoViewController.h */,
				3B3FBA61139A2E1400146D7C /* IDPhotoViewController.m */,
				3BBC3E891514784600C2D9BA /* IDPhotoViewController.xib */,
				3B6A6B2D134A00DE00AC3394 /* ItemViewController.h */,
				3B6A6B2E134A00DE00AC3394 /* ItemViewController.m */,
				3BBC3E8D15147AA700C2D9BA /* ItemViewController.xib */,
				3BAB7BD01382AD2C00722549 /* MessageViewController.h */,
				3BAB7BD11382AD2C00722549 /* MessageViewController.m */,
				3BAB7BD21382AD2C00722549 /* MessageViewController.xib */,
				3B04C2B713479B6900A37E9A /* RootViewController.h */,
				3B04C2B813479B6900A37E9A /* RootViewController.m */,
				3BBC3E7915146D5400C2D9BA /* RootViewController.xib */,
				3B88E21B15147BD200055D6A /* MainWindow.xib */,
				3B64A64613FB9F8600593F6A /* iPad */,
			);
			name = Controllers;
			sourceTree = "<group>";
		};
		3B58C777150E670E00D38CBB /* Data Model */ = {
			isa = PBXGroup;
			children = (
				3B0EB0811348D42C002C937F /* Data.h */,
				3B0EB0821348D42C002C937F /* Data.m */,
				3B04C2B113479B6900A37E9A /* What_and_Whom.xcdatamodeld */,
			);
			name = "Data Model";
			sourceTree = "<group>";
		};
		3B58C778150E672000D38CBB /* Utils */ = {
			isa = PBXGroup;
			children = (
				3BD8373714545FAE00E025D6 /* Macros.h */,
				3BCB16C5145476EF00222DF3 /* Utils.h */,
				3BCB16C6145476EF00222DF3 /* Utils.m */,
			);
			name = Utils;
			sourceTree = "<group>";
		};
		3B64A64613FB9F8600593F6A /* iPad */ = {
			isa = PBXGroup;
			children = (
				3B88E2361514B69900055D6A /* MainWindow-iPad.xib */,
				3B2F5D2413FBF9CC009EC3FB /* DetailWrapperViewController.h */,
				3B2F5D2513FBF9CC009EC3FB /* DetailWrapperViewController.m */,
				3B88E21D15147BF000055D6A /* DetailWrapperViewController.xib */,
				3B79962616035AC0009EBFA3 /* IDDateViewController_iPad.h */,
				3B79962716035AC0009EBFA3 /* IDDateViewController_iPad.m */,
				3BBC3E7D1514713F00C2D9BA /* IDDateViewController_iPad.xib */,
				3BBC3E81151474D700C2D9BA /* IDDueDateViewController_iPad.xib */,
				3BBC3E851514752B00C2D9BA /* IDItemViewController_iPad.xib */,
				3B88E2371514B6BE00055D6A /* IDContactViewController_iPad.xib */,
				3BBC3E87151476B900C2D9BA /* IDNotesViewController_iPad.xib */,
				3BBC3E8B1514786200C2D9BA /* IDPhotoViewController_iPad.xib */,
			);
			name = iPad;
			sourceTree = "<group>";
		};
		3B73DA08134993C80017A43A /* Images */ = {
			isa = PBXGroup;
			children = (
				3BEDDC4E134DBC1D003E72E1 /* animal.png */,
				3BEDDC4F134DBC1D003E72E1 /* animal@2x.png */,
				3B4A796716032D8600B3B7F6 /* bg.png */,
				3B4A796816032D8700B3B7F6 /* bg@2x.png */,
				3B06FE09134DF8B4004398FD /* book.png */,
				3B06FE0A134DF8B4004398FD /* book@2x.png */,
				3B73DA0C1349983E0017A43A /* borrow.png */,
				3B73DA10134999450017A43A /* borrow@2x.png */,
				3B06FE19134E0739004398FD /* clothing.png */,
				3B06FE1A134E0739004398FD /* clothing@2x.png */,
				3B06FE04134DF61D004398FD /* game.png */,
				3B06FE05134DF61D004398FD /* game@2x.png */,
				3B73DA0D1349983E0017A43A /* lend.png */,
				3B73DA11134999450017A43A /* lend@2x.png */,
				3B06FE1D134E08DE004398FD /* misc.png */,
				3B06FE1E134E08DE004398FD /* misc@2x.png */,
				3B82304413FFA0DA004993E3 /* money.png */,
				3B82304513FFA0DA004993E3 /* money@2x.png */,
				3B3427CD134DC3E400F22C98 /* movie.png */,
				3B3427CE134DC3E400F22C98 /* movie@2x.png */,
				3B06FE11134DFE11004398FD /* music.png */,
				3B06FE12134DFE11004398FD /* music@2x.png */,
				3B06FE0D134DFA53004398FD /* software.png */,
				3B06FE0E134DFA53004398FD /* software@2x.png */,
				3B06FE15134E007C004398FD /* tool.png */,
				3B06FE16134E007C004398FD /* tool@2x.png */,
			);
			name = Images;
			sourceTree = "<group>";
		};
		3B88E23D15151B1F00055D6A /* External */ = {
			isa = PBXGroup;
			children = (
				3B88E23E15151B2000055D6A /* MBProgressHUD */,
			);
			path = External;
			sourceTree = SOURCE_ROOT;
		};
		3B88E23E15151B2000055D6A /* MBProgressHUD */ = {
			isa = PBXGroup;
			children = (
				3B88E23F15151B2000055D6A /* MBProgressHUD.h */,
				3B88E24015151B2000055D6A /* MBProgressHUD.m */,
			);
			path = MBProgressHUD;
			sourceTree = "<group>";
		};
/* End PBXGroup section */

/* Begin PBXNativeTarget section */
		3B04C29813479B6900A37E9A /* What and Whom */ = {
			isa = PBXNativeTarget;
			buildConfigurationList = 3B04C2BF13479B6900A37E9A /* Build configuration list for PBXNativeTarget "What and Whom" */;
			buildPhases = (
				3B04C29513479B6900A37E9A /* Sources */,
				3B04C29613479B6900A37E9A /* Frameworks */,
				3B04C29713479B6900A37E9A /* Resources */,
			);
			buildRules = (
			);
			dependencies = (
			);
			name = "What and Whom";
			productName = "What and Whom";
			productReference = 3B04C29913479B6900A37E9A /* What and Whom.app */;
			productType = "com.apple.product-type.application";
		};
/* End PBXNativeTarget section */

/* Begin PBXProject section */
		3B04C29013479B6800A37E9A /* Project object */ = {
			isa = PBXProject;
			attributes = {
				LastUpgradeCheck = 0430;
			};
			buildConfigurationList = 3B04C29313479B6800A37E9A /* Build configuration list for PBXProject "What and Whom" */;
			compatibilityVersion = "Xcode 3.2";
			developmentRegion = English;
			hasScannedForEncodings = 0;
			knownRegions = (
				en,
				fr,
			);
			mainGroup = 3B04C28E13479B6800A37E9A;
			productRefGroup = 3B04C29A13479B6900A37E9A /* Products */;
			projectDirPath = "";
			projectRoot = "";
			targets = (
				3B04C29813479B6900A37E9A /* What and Whom */,
			);
		};
/* End PBXProject section */

/* Begin PBXResourcesBuildPhase section */
		3B04C29713479B6900A37E9A /* Resources */ = {
			isa = PBXResourcesBuildPhase;
			buildActionMask = 2147483647;
			files = (
				3B04C2AA13479B6900A37E9A /* InfoPlist.strings in Resources */,
				3B88E21A15147BD200055D6A /* MainWindow.xib in Resources */,
				3BBC3E7815146D5400C2D9BA /* RootViewController.xib in Resources */,
				3B04C2CF13479F8D00A37E9A /* Localizable.strings in Resources */,
				3B0EB08D1348E206002C937F /* Default~iphone.png in Resources */,
				3B0EB08E1348E206002C937F /* Default@2x~iphone.png in Resources */,
				3B73DA0E1349983E0017A43A /* borrow.png in Resources */,
				3B73DA0F1349983E0017A43A /* lend.png in Resources */,
				3B73DA12134999450017A43A /* borrow@2x.png in Resources */,
				3B73DA13134999450017A43A /* lend@2x.png in Resources */,
				3BBC3E8C15147AA700C2D9BA /* ItemViewController.xib in Resources */,
				3BDA7FDB134D824B00E2C923 /* IDBorrowViewController.xib in Resources */,
				3BEDDC4A134DB554003E72E1 /* IDKindViewController.xib in Resources */,
				3BEDDC50134DBC1D003E72E1 /* animal.png in Resources */,
				3BEDDC51134DBC1D003E72E1 /* animal@2x.png in Resources */,
				3B3427CF134DC3E400F22C98 /* movie.png in Resources */,
				3B3427D0134DC3E400F22C98 /* movie@2x.png in Resources */,
				3B06FE06134DF61D004398FD /* game.png in Resources */,
				3B06FE07134DF61D004398FD /* game@2x.png in Resources */,
				3B06FE0B134DF8B4004398FD /* book.png in Resources */,
				3B06FE0C134DF8B4004398FD /* book@2x.png in Resources */,
				3B06FE0F134DFA53004398FD /* software.png in Resources */,
				3B06FE10134DFA53004398FD /* software@2x.png in Resources */,
				3B06FE13134DFE11004398FD /* music.png in Resources */,
				3B06FE14134DFE11004398FD /* music@2x.png in Resources */,
				3B06FE17134E007C004398FD /* tool.png in Resources */,
				3B06FE18134E007C004398FD /* tool@2x.png in Resources */,
				3B06FE1B134E0739004398FD /* clothing.png in Resources */,
				3B06FE1C134E0739004398FD /* clothing@2x.png in Resources */,
				3B06FE1F134E08DE004398FD /* misc.png in Resources */,
				3B06FE20134E08DE004398FD /* misc@2x.png in Resources */,
				3BBC3E821514750100C2D9BA /* IDItemViewController.xib in Resources */,
				3B3A9D991350A2B500569D04 /* iTunesArtwork in Resources */,
				3B3A9D9E1350A2BE00569D04 /* Icon-72.png in Resources */,
				3B3A9D9F1350A2BE00569D04 /* Icon.png in Resources */,
				3B3A9DA01350A2BE00569D04 /* Icon@2x.png in Resources */,
				3BA924A31350C56E003B8F84 /* IDNotesViewController.xib in Resources */,
				3BBC3E7A1514701900C2D9BA /* IDDateViewController.xib in Resources */,
				3BAB7BD41382AD2C00722549 /* MessageViewController.xib in Resources */,
				3BBC3E7E1514747400C2D9BA /* IDDueDateViewController.xib in Resources */,
				3BBC3E881514784600C2D9BA /* IDPhotoViewController.xib in Resources */,
				3B88E2351514B69900055D6A /* MainWindow-iPad.xib in Resources */,
				3B88E21C15147BF000055D6A /* DetailWrapperViewController.xib in Resources */,
				3BBC3E8A1514786200C2D9BA /* IDPhotoViewController_iPad.xib in Resources */,
				3BBC3E841514752B00C2D9BA /* IDItemViewController_iPad.xib in Resources */,
				3BBC3E86151476B900C2D9BA /* IDNotesViewController_iPad.xib in Resources */,
				3BBC3E7C1514713F00C2D9BA /* IDDateViewController_iPad.xib in Resources */,
				3BBC3E80151474D700C2D9BA /* IDDueDateViewController_iPad.xib in Resources */,
				3B82304213FF9BE2004993E3 /* Default-Landscape~ipad.png in Resources */,
				3B82304313FF9BE2004993E3 /* Default-Portrait~ipad.png in Resources */,
				3B82304613FFA0DA004993E3 /* money.png in Resources */,
				3B82304713FFA0DA004993E3 /* money@2x.png in Resources */,
				3B88E229151491A100055D6A /* Icon-72@2x.png in Resources */,
				3B88E22C1514963F00055D6A /* Default-Landscape@2x~ipad.png in Resources */,
				3B88E22D1514963F00055D6A /* Default-Portrait@2x~ipad.png in Resources */,
				3B88E2341514B29700055D6A /* IDContactViewController.xib in Resources */,
				3B88E2381514B6BE00055D6A /* IDContactViewController_iPad.xib in Resources */,
				3BEC2D4C16023FDE00B27226 /* Default-568h@2x~iphone.png in Resources */,
				3B4A796916032D8700B3B7F6 /* bg.png in Resources */,
				3B4A796A16032D8700B3B7F6 /* bg@2x.png in Resources */,
			);
			runOnlyForDeploymentPostprocessing = 0;
		};
/* End PBXResourcesBuildPhase section */

/* Begin PBXSourcesBuildPhase section */
		3B04C29513479B6900A37E9A /* Sources */ = {
			isa = PBXSourcesBuildPhase;
			buildActionMask = 2147483647;
			files = (
				3B04C2AD13479B6900A37E9A /* main.m in Sources */,
				3B04C2B013479B6900A37E9A /* What_and_WhomAppDelegate.m in Sources */,
				3B04C2B313479B6900A37E9A /* What_and_Whom.xcdatamodeld in Sources */,
				3B04C2B913479B6900A37E9A /* RootViewController.m in Sources */,
				3B0EB0831348D42C002C937F /* Data.m in Sources */,
				3B6A6B30134A00DE00AC3394 /* ItemViewController.m in Sources */,
				3BDA7FDA134D824B00E2C923 /* IDBorrowViewController.m in Sources */,
				3BEDDC49134DB554003E72E1 /* IDKindViewController.m in Sources */,
				3BE7CE28134E16E800D2E250 /* IDItemViewController.m in Sources */,
				3BA924A21350C56E003B8F84 /* IDNotesViewController.m in Sources */,
				3BA924A81350C8F8003B8F84 /* IDDateViewController.m in Sources */,
				3BAB7BD31382AD2C00722549 /* MessageViewController.m in Sources */,
				3BDC2BD5139A1ED100AF05AC /* IDDueDateViewController.m in Sources */,
				3B3FBA63139A2E1400146D7C /* IDPhotoViewController.m in Sources */,
				3B2F5D2713FBF9CC009EC3FB /* DetailWrapperViewController.m in Sources */,
				3BCB16C7145476EF00222DF3 /* Utils.m in Sources */,
				3B88E2321514B27400055D6A /* IDContactViewController.m in Sources */,
				3B88E24115151B2000055D6A /* MBProgressHUD.m in Sources */,
				3B79962816035AC0009EBFA3 /* IDDateViewController_iPad.m in Sources */,
			);
			runOnlyForDeploymentPostprocessing = 0;
		};
/* End PBXSourcesBuildPhase section */

/* Begin PBXVariantGroup section */
		3B04C2A813479B6900A37E9A /* InfoPlist.strings */ = {
			isa = PBXVariantGroup;
			children = (
				3B04C2A913479B6900A37E9A /* en */,
				3B04C2C913479C3A00A37E9A /* fr */,
			);
			name = InfoPlist.strings;
			path = "What and Whom";
			sourceTree = "<group>";
		};
		3B04C2CD13479F8D00A37E9A /* Localizable.strings */ = {
			isa = PBXVariantGroup;
			children = (
				3B04C2CE13479F8D00A37E9A /* en */,
				3B04C2D013479FA700A37E9A /* fr */,
			);
			name = Localizable.strings;
			sourceTree = "<group>";
		};
/* End PBXVariantGroup section */

/* Begin XCBuildConfiguration section */
		3B04C2BD13479B6900A37E9A /* Debug */ = {
			isa = XCBuildConfiguration;
			buildSettings = {
				ARCHS = "$(ARCHS_STANDARD_32_BIT)";
				CODE_SIGN_IDENTITY = "iPhone Developer: Arnaud Boudou (RTC3674WRG)";
				GCC_C_LANGUAGE_STANDARD = gnu99;
				GCC_OPTIMIZATION_LEVEL = 0;
				GCC_PREPROCESSOR_DEFINITIONS = DEBUG;
				GCC_SYMBOLS_PRIVATE_EXTERN = NO;
				GCC_VERSION = "";
				GCC_WARN_ABOUT_MISSING_PROTOTYPES = YES;
				GCC_WARN_ABOUT_RETURN_TYPE = YES;
				GCC_WARN_UNUSED_VARIABLE = YES;
				IPHONEOS_DEPLOYMENT_TARGET = 5.0;
				PROVISIONING_PROFILE = "CDE054E2-EAA5-4139-ABDE-755A9E28BB12";
				SDKROOT = iphoneos;
			};
			name = Debug;
		};
		3B04C2BE13479B6900A37E9A /* Release */ = {
			isa = XCBuildConfiguration;
			buildSettings = {
				ARCHS = "$(ARCHS_STANDARD_32_BIT)";
				CODE_SIGN_IDENTITY = "iPhone Distribution: Arnaud Boudou";
				GCC_C_LANGUAGE_STANDARD = gnu99;
				GCC_VERSION = "";
				GCC_WARN_ABOUT_MISSING_PROTOTYPES = YES;
				GCC_WARN_ABOUT_RETURN_TYPE = YES;
				GCC_WARN_UNUSED_VARIABLE = YES;
				IPHONEOS_DEPLOYMENT_TARGET = 5.0;
				OTHER_CFLAGS = "-DNS_BLOCK_ASSERTIONS=1";
				PROVISIONING_PROFILE = "2D12DFB9-EB7E-4C2F-ABC8-2D7B493212A3";
				SDKROOT = iphoneos;
			};
			name = Release;
		};
		3B04C2C013479B6900A37E9A /* Debug */ = {
			isa = XCBuildConfiguration;
			buildSettings = {
				ALWAYS_SEARCH_USER_PATHS = NO;
				CLANG_ENABLE_OBJC_ARC = YES;
				CODE_SIGN_ENTITLEMENTS = "What and Whom/What and Whom.entitlements";
				CODE_SIGN_IDENTITY = "iPhone Developer: Arnaud Boudou (RTC3674WRG)";
				COPY_PHASE_STRIP = NO;
				GCC_DYNAMIC_NO_PIC = NO;
				GCC_PRECOMPILE_PREFIX_HEADER = YES;
				GCC_PREFIX_HEADER = "What and Whom/What and Whom-Prefix.pch";
				INFOPLIST_FILE = "What and Whom/What and Whom-Info.plist";
				IPHONEOS_DEPLOYMENT_TARGET = 5.0;
				PRODUCT_NAME = "$(TARGET_NAME)";
				PROVISIONING_PROFILE = "CDE054E2-EAA5-4139-ABDE-755A9E28BB12";
				TARGETED_DEVICE_FAMILY = "1,2";
				VALIDATE_PRODUCT = NO;
				WRAPPER_EXTENSION = app;
			};
			name = Debug;
		};
		3B04C2C113479B6900A37E9A /* Release */ = {
			isa = XCBuildConfiguration;
			buildSettings = {
				ALWAYS_SEARCH_USER_PATHS = NO;
				CLANG_ENABLE_OBJC_ARC = YES;
				CODE_SIGN_ENTITLEMENTS = "What and Whom/What and Whom.entitlements";
				CODE_SIGN_IDENTITY = "iPhone Distribution: Arnaud Boudou";
				COPY_PHASE_STRIP = YES;
				GCC_PRECOMPILE_PREFIX_HEADER = YES;
				GCC_PREFIX_HEADER = "What and Whom/What and Whom-Prefix.pch";
				INFOPLIST_FILE = "What and Whom/What and Whom-Info.plist";
				IPHONEOS_DEPLOYMENT_TARGET = 5.0;
				PRODUCT_NAME = "$(TARGET_NAME)";
				PROVISIONING_PROFILE = "2D12DFB9-EB7E-4C2F-ABC8-2D7B493212A3";
				TARGETED_DEVICE_FAMILY = "1,2";
				VALIDATE_PRODUCT = YES;
				WRAPPER_EXTENSION = app;
			};
			name = Release;
		};
/* End XCBuildConfiguration section */

/* Begin XCConfigurationList section */
		3B04C29313479B6800A37E9A /* Build configuration list for PBXProject "What and Whom" */ = {
			isa = XCConfigurationList;
			buildConfigurations = (
				3B04C2BD13479B6900A37E9A /* Debug */,
				3B04C2BE13479B6900A37E9A /* Release */,
			);
			defaultConfigurationIsVisible = 0;
			defaultConfigurationName = Release;
		};
		3B04C2BF13479B6900A37E9A /* Build configuration list for PBXNativeTarget "What and Whom" */ = {
			isa = XCConfigurationList;
			buildConfigurations = (
				3B04C2C013479B6900A37E9A /* Debug */,
				3B04C2C113479B6900A37E9A /* Release */,
			);
			defaultConfigurationIsVisible = 0;
			defaultConfigurationName = Release;
		};
/* End XCConfigurationList section */

/* Begin XCVersionGroup section */
		3B04C2B113479B6900A37E9A /* What_and_Whom.xcdatamodeld */ = {
			isa = XCVersionGroup;
			children = (
				3BEBC333145FD4DE00C67F94 /* What_and_Whom 4.xcdatamodel */,
				3B6DCBEA13FE66DA00698C97 /* What_and_Whom 3.xcdatamodel */,
				3B2FDB781389001B0036B5F9 /* What_and_Whom 2.xcdatamodel */,
				3B04C2B213479B6900A37E9A /* What_and_Whom.xcdatamodel */,
			);
			currentVersion = 3BEBC333145FD4DE00C67F94 /* What_and_Whom 4.xcdatamodel */;
			path = What_and_Whom.xcdatamodeld;
			sourceTree = "<group>";
			versionGroupType = wrapper.xcdatamodel;
		};
/* End XCVersionGroup section */
	};
	rootObject = 3B04C29013479B6800A37E9A /* Project object */;
}
